
Microsoft Visual Studio Solution File, Format Version 12.00
# Visual Studio Version 16
VisualStudioVersion = 16.0.30523.141
MinimumVisualStudioVersion = 10.0.40219.1
Project("{FAE04EC0-301F-11D3-BF4B-00C04F79EFBC}") = "projet2Appointment", "projet2Appointment\projet2Appointment.csproj", "{ECFFF2D0-CD2F-4021-B109-F98605505BB5}"
EndProject
Global
	GlobalSection(SolutionConfigurationPlatforms) = preSolution
		Debug|Any CPU = Debug|Any CPU
		Release|Any CPU = Release|Any CPU
	EndGlobalSection
	GlobalSection(ProjectConfigurationPlatforms) = postSolution
		{ECFFF2D0-CD2F-4021-B109-F98605505BB5}.Debug|Any CPU.ActiveCfg = Debug|Any CPU
		{ECFFF2D0-CD2F-4021-B109-F98605505BB5}.Debug|Any CPU.Build.0 = Debug|Any CPU
		{ECFFF2D0-CD2F-4021-B109-F98605505BB5}.Release|Any CPU.ActiveCfg = Release|Any CPU
		{ECFFF2D0-CD2F-4021-B109-F98605505BB5}.Release|Any CPU.Build.0 = Release|Any CPU
	EndGlobalSection
	GlobalSection(SolutionProperties) = preSolution
		HideSolutionNode = FALSE
	EndGlobalSection
	GlobalSection(ExtensibilityGlobals) = postSolution
		SolutionGuid = {992F47C9-D6CD-4D63-9E84-0CAEC06EA1D2}
	EndGlobalSection
EndGlobal
