
Microsoft Visual Studio Solution File, Format Version 12.00
# Visual Studio Version 16
VisualStudioVersion = 16.0.30523.141
MinimumVisualStudioVersion = 10.0.40219.1
Project("{9A19103F-16F7-4668-BE54-9A1E7A4F7556}") = "projet2Appointment", "projet2Appointment\projet2Appointment.csproj", "{ECFFF2D0-CD2F-4021-B109-F98605505BB5}"
EndProject
Project("{9A19103F-16F7-4668-BE54-9A1E7A4F7556}") = "NUnit Test Appointment", "NUnit Test Appointment\NUnit Test Appointment.csproj", "{A2C06A20-C540-4735-BBA9-DAEB104834C7}"
EndProject
Global
	GlobalSection(SolutionConfigurationPlatforms) = preSolution
		Debug|Any CPU = Debug|Any CPU
		Release|Any CPU = Release|Any CPU
	EndGlobalSection
	GlobalSection(ProjectConfigurationPlatforms) = postSolution
		{ECFFF2D0-CD2F-4021-B109-F98605505BB5}.Debug|Any CPU.ActiveCfg = Debug|Any CPU
		{ECFFF2D0-CD2F-4021-B109-F98605505BB5}.Debug|Any CPU.Build.0 = Debug|Any CPU
		{ECFFF2D0-CD2F-4021-B109-F98605505BB5}.Release|Any CPU.ActiveCfg = Release|Any CPU
		{ECFFF2D0-CD2F-4021-B109-F98605505BB5}.Release|Any CPU.Build.0 = Release|Any CPU
		{A2C06A20-C540-4735-BBA9-DAEB104834C7}.Debug|Any CPU.ActiveCfg = Debug|Any CPU
		{A2C06A20-C540-4735-BBA9-DAEB104834C7}.Debug|Any CPU.Build.0 = Debug|Any CPU
		{A2C06A20-C540-4735-BBA9-DAEB104834C7}.Release|Any CPU.ActiveCfg = Release|Any CPU
		{A2C06A20-C540-4735-BBA9-DAEB104834C7}.Release|Any CPU.Build.0 = Release|Any CPU
	EndGlobalSection
	GlobalSection(SolutionProperties) = preSolution
		HideSolutionNode = FALSE
	EndGlobalSection
	GlobalSection(ExtensibilityGlobals) = postSolution
		SolutionGuid = {992F47C9-D6CD-4D63-9E84-0CAEC06EA1D2}
	EndGlobalSection
EndGlobal
